
Microsoft Visual Studio Solution File, Format Version 12.00
# Visual Studio Version 17
VisualStudioVersion = 17.9.34902.65
MinimumVisualStudioVersion = 10.0.40219.1
Project("{FAE04EC0-301F-11D3-BF4B-00C04F79EFBC}") = "MvcStock", "MvcStock\MvcStock.csproj", "{0185D51A-A952-4600-90BD-02546EB04767}"
EndProject
Global
	GlobalSection(SolutionConfigurationPlatforms) = preSolution
		Debug|Any CPU = Debug|Any CPU
		Release|Any CPU = Release|Any CPU
	EndGlobalSection
	GlobalSection(ProjectConfigurationPlatforms) = postSolution
		{0185D51A-A952-4600-90BD-02546EB04767}.Debug|Any CPU.ActiveCfg = Debug|Any CPU
		{0185D51A-A952-4600-90BD-02546EB04767}.Debug|Any CPU.Build.0 = Debug|Any CPU
		{0185D51A-A952-4600-90BD-02546EB04767}.Release|Any CPU.ActiveCfg = Release|Any CPU
		{0185D51A-A952-4600-90BD-02546EB04767}.Release|Any CPU.Build.0 = Release|Any CPU
	EndGlobalSection
	GlobalSection(SolutionProperties) = preSolution
		HideSolutionNode = FALSE
	EndGlobalSection
	GlobalSection(ExtensibilityGlobals) = postSolution
		SolutionGuid = {BE0CA749-7A4C-4643-83FC-D0E5E860CA73}
	EndGlobalSection
EndGlobal
